{
    "hash": "088261e968e2fcba975e10e2f1d6b155",
    "packages": [
        {
            "name": "icecave/repr",
            "version": "1.0.0",
            "source": {
                "type": "git",
                "url": "https://github.com/IcecaveStudios/repr.git",
                "reference": "1.0.0"
            },
            "dist": {
                "type": "zip",
                "url": "https://github.com/IcecaveStudios/repr/archive/1.0.0.zip",
                "reference": "1.0.0",
                "shasum": ""
            },
            "require": {
                "php": ">=5.3.0"
            },
            "require-dev": {
                "phake/phake": "1.*"
            },
            "time": "2013-01-11 00:04:43",
            "type": "library",
            "installation-source": "source",
            "autoload": {
                "psr-0": {
                    "Icecave\\Repr": "lib"
                }
            },
            "notification-url": "http://packagist.org/downloads/",
            "license": [
                "MIT"
            ],
            "authors": [
                {
                    "name": "James Harris",
                    "email": "james.harris@icecave.com.au"
                }
            ],
            "description": "Human readable string representations of everything.",
            "homepage": "https://github.com/IcecaveStudios/repr",
            "keywords": [
                "string",
                "representation",
                "repr"
            ]
        }
    ],
    "packages-dev": [
        {
            "name": "eloquent/liberator",
            "version": "1.1.0",
            "source": {
                "type": "git",
                "url": "https://github.com/eloquent/liberator.git",
                "reference": "1.1.0"
            },
            "dist": {
                "type": "zip",
                "url": "https://github.com/eloquent/liberator/zipball/1.1.0",
                "reference": "1.1.0",
                "shasum": ""
            },
            "require": {
                "php": ">=5.3.0",
                "eloquent/pops": "3.*"
            },
            "time": "2012-08-02 13:30:51",
            "type": "library",
            "installation-source": "dist",
            "autoload": {
                "psr-0": {
                    "Eloquent\\Liberator": "src"
                }
            },
            "license": [
                "MIT"
            ],
            "authors": [
                {
                    "name": "Erin Millard",
                    "email": "ezzatron@gmail.com",
                    "homepage": "http://ezzatron.com/"
                }
            ],
            "description": "A proxy for circumventing PHP access modifier restrictions.",
            "homepage": "https://github.com/eloquent/liberator",
            "keywords": [
                "reflection",
                "object",
                "proxy",
                "access",
                "modifier",
                "private",
                "protected"
            ]
        },
        {
            "name": "eloquent/pops",
            "version": "3.1.0",
            "source": {
                "type": "git",
                "url": "git://github.com/eloquent/pops.git",
                "reference": "3.1.0"
            },
            "dist": {
                "type": "zip",
                "url": "https://github.com/eloquent/pops/zipball/3.1.0",
                "reference": "3.1.0",
                "shasum": ""
            },
            "require": {
                "php": ">=5.3.0"
            },
            "time": "2012-08-02 13:17:58",
            "type": "library",
            "installation-source": "dist",
            "autoload": {
                "psr-0": {
                    "Eloquent\\Pops": "src"
                }
            },
            "license": [
                "MIT"
            ],
            "authors": [
                {
                    "name": "Erin Millard",
                    "email": "ezzatron@gmail.com",
                    "homepage": "http://ezzatron.com/"
                }
            ],
            "description": "PHP object proxy system.",
            "homepage": "https://github.com/eloquent/pops",
            "keywords": [
                "object",
                "proxy",
                "escaping"
            ]
        }
    ],
    "aliases": [

    ],
    "minimum-stability": "stable",
    "stability-flags": [

    ]
}
